
Microsoft Visual Studio Solution File, Format Version 12.00
# Visual Studio Version 17
VisualStudioVersion = 17.8.34330.188
MinimumVisualStudioVersion = 10.0.40219.1
Project("{FAE04EC0-301F-11D3-BF4B-00C04F79EFBC}") = "GestCimV5StaticWebPage", "GestCimV5StaticWebPage.csproj", "{D53B6EA1-375A-4665-90AA-5002C225E73B}"
EndProject
Global
	GlobalSection(SolutionConfigurationPlatforms) = preSolution
		Debug|Any CPU = Debug|Any CPU
		Release|Any CPU = Release|Any CPU
	EndGlobalSection
	GlobalSection(ProjectConfigurationPlatforms) = postSolution
		{D53B6EA1-375A-4665-90AA-5002C225E73B}.Debug|Any CPU.ActiveCfg = Debug|Any CPU
		{D53B6EA1-375A-4665-90AA-5002C225E73B}.Debug|Any CPU.Build.0 = Debug|Any CPU
		{D53B6EA1-375A-4665-90AA-5002C225E73B}.Release|Any CPU.ActiveCfg = Release|Any CPU
		{D53B6EA1-375A-4665-90AA-5002C225E73B}.Release|Any CPU.Build.0 = Release|Any CPU
	EndGlobalSection
	GlobalSection(SolutionProperties) = preSolution
		HideSolutionNode = FALSE
	EndGlobalSection
	GlobalSection(ExtensibilityGlobals) = postSolution
		SolutionGuid = {DE562A53-AAC6-4909-9F88-6133C9782706}
	EndGlobalSection
EndGlobal
